
Microsoft Visual Studio Solution File, Format Version 12.00
# Visual Studio Version 17
VisualStudioVersion = 17.11.35222.181
MinimumVisualStudioVersion = 10.0.40219.1
Project("{8BC9CEB8-8B4A-11D0-8D11-00A0C91BC942}") = "Lab1", "Lab1\Lab1.vcxproj", "{25A59C7C-5DC4-4E14-A9AB-D626987761D3}"
EndProject
Project("{8BC9CEB8-8B4A-11D0-8D11-00A0C91BC942}") = "Lab 4", "Lab 4\Lab 4.vcxproj", "{8E3C0159-E961-4C57-85D7-C91128F84139}"
EndProject
Global
	GlobalSection(SolutionConfigurationPlatforms) = preSolution
		Debug|x64 = Debug|x64
		Debug|x86 = Debug|x86
		Release|x64 = Release|x64
		Release|x86 = Release|x86
	EndGlobalSection
	GlobalSection(ProjectConfigurationPlatforms) = postSolution
		{25A59C7C-5DC4-4E14-A9AB-D626987761D3}.Debug|x64.ActiveCfg = Debug|x64
		{25A59C7C-5DC4-4E14-A9AB-D626987761D3}.Debug|x64.Build.0 = Debug|x64
		{25A59C7C-5DC4-4E14-A9AB-D626987761D3}.Debug|x86.ActiveCfg = Debug|Win32
		{25A59C7C-5DC4-4E14-A9AB-D626987761D3}.Debug|x86.Build.0 = Debug|Win32
		{25A59C7C-5DC4-4E14-A9AB-D626987761D3}.Release|x64.ActiveCfg = Release|x64
		{25A59C7C-5DC4-4E14-A9AB-D626987761D3}.Release|x64.Build.0 = Release|x64
		{25A59C7C-5DC4-4E14-A9AB-D626987761D3}.Release|x86.ActiveCfg = Release|Win32
		{25A59C7C-5DC4-4E14-A9AB-D626987761D3}.Release|x86.Build.0 = Release|Win32
		{8E3C0159-E961-4C57-85D7-C91128F84139}.Debug|x64.ActiveCfg = Debug|x64
		{8E3C0159-E961-4C57-85D7-C91128F84139}.Debug|x64.Build.0 = Debug|x64
		{8E3C0159-E961-4C57-85D7-C91128F84139}.Debug|x86.ActiveCfg = Debug|Win32
		{8E3C0159-E961-4C57-85D7-C91128F84139}.Debug|x86.Build.0 = Debug|Win32
		{8E3C0159-E961-4C57-85D7-C91128F84139}.Release|x64.ActiveCfg = Release|x64
		{8E3C0159-E961-4C57-85D7-C91128F84139}.Release|x64.Build.0 = Release|x64
		{8E3C0159-E961-4C57-85D7-C91128F84139}.Release|x86.ActiveCfg = Release|Win32
		{8E3C0159-E961-4C57-85D7-C91128F84139}.Release|x86.Build.0 = Release|Win32
	EndGlobalSection
	GlobalSection(SolutionProperties) = preSolution
		HideSolutionNode = FALSE
	EndGlobalSection
	GlobalSection(ExtensibilityGlobals) = postSolution
		SolutionGuid = {7C0EC6E4-CD97-4D4E-AA13-AA320B3EF68C}
	EndGlobalSection
EndGlobal
